
Microsoft Visual Studio Solution File, Format Version 12.00
# Visual Studio Version 17
VisualStudioVersion = 17.4.33122.133
MinimumVisualStudioVersion = 10.0.40219.1
Project("{FAE04EC0-301F-11D3-BF4B-00C04F79EFBC}") = "WindowsAppNorthwind", "WindowsAppNorthwind\WindowsAppNorthwind.csproj", "{70D0E78C-9D51-4A8D-A2B8-03AE47D652DD}"
EndProject
Project("{FAE04EC0-301F-11D3-BF4B-00C04F79EFBC}") = "WindowsAppPubs", "WindowsAppPubs\WindowsAppPubs.csproj", "{8D4B28B2-9319-4D71-AFFB-F5091B4F2088}"
EndProject
Global
	GlobalSection(SolutionConfigurationPlatforms) = preSolution
		Debug|Any CPU = Debug|Any CPU
		Release|Any CPU = Release|Any CPU
	EndGlobalSection
	GlobalSection(ProjectConfigurationPlatforms) = postSolution
		{70D0E78C-9D51-4A8D-A2B8-03AE47D652DD}.Debug|Any CPU.ActiveCfg = Debug|Any CPU
		{70D0E78C-9D51-4A8D-A2B8-03AE47D652DD}.Debug|Any CPU.Build.0 = Debug|Any CPU
		{70D0E78C-9D51-4A8D-A2B8-03AE47D652DD}.Release|Any CPU.ActiveCfg = Release|Any CPU
		{70D0E78C-9D51-4A8D-A2B8-03AE47D652DD}.Release|Any CPU.Build.0 = Release|Any CPU
		{8D4B28B2-9319-4D71-AFFB-F5091B4F2088}.Debug|Any CPU.ActiveCfg = Debug|Any CPU
		{8D4B28B2-9319-4D71-AFFB-F5091B4F2088}.Debug|Any CPU.Build.0 = Debug|Any CPU
		{8D4B28B2-9319-4D71-AFFB-F5091B4F2088}.Release|Any CPU.ActiveCfg = Release|Any CPU
		{8D4B28B2-9319-4D71-AFFB-F5091B4F2088}.Release|Any CPU.Build.0 = Release|Any CPU
	EndGlobalSection
	GlobalSection(SolutionProperties) = preSolution
		HideSolutionNode = FALSE
	EndGlobalSection
	GlobalSection(ExtensibilityGlobals) = postSolution
		SolutionGuid = {559DF901-981F-453E-B374-862CDEF2D2E9}
	EndGlobalSection
EndGlobal
